// !$*UTF8*$!
{
	archiveVersion = 1;
	classes = {
	};
	objectVersion = 48;
	objects = {

/* Begin PBXBuildFile section */
		24A47156204F041D00CA2173 /* AppDelegate.m in Sources */ = {isa = PBXBuildFile; fileRef = 24A47155204F041D00CA2173 /* AppDelegate.m */; };
		24A47159204F041D00CA2173 /* ViewController.m in Sources */ = {isa = PBXBuildFile; fileRef = 24A47158204F041D00CA2173 /* ViewController.m */; };
		24A4715C204F041D00CA2173 /* Main.storyboard in Resources */ = {isa = PBXBuildFile; fileRef = 24A4715A204F041D00CA2173 /* Main.storyboard */; };
		24A4715E204F041D00CA2173 /* Assets.xcassets in Resources */ = {isa = PBXBuildFile; fileRef = 24A4715D204F041D00CA2173 /* Assets.xcassets */; };
		24A47161204F041D00CA2173 /* LaunchScreen.storyboard in Resources */ = {isa = PBXBuildFile; fileRef = 24A4715F204F041D00CA2173 /* LaunchScreen.storyboard */; };
		24A47164204F041D00CA2173 /* main.m in Sources */ = {isa = PBXBuildFile; fileRef = 24A47163204F041D00CA2173 /* main.m */; };
		24A4716C204F100E00CA2173 /* MDObject.m in Sources */ = {isa = PBXBuildFile; fileRef = 24A4716B204F100E00CA2173 /* MDObject.m */; };
		24A4716F204F156400CA2173 /* MDChild.m in Sources */ = {isa = PBXBuildFile; fileRef = 24A4716E204F156400CA2173 /* MDChild.m */; };
/* End PBXBuildFile section */

/* Begin PBXFileReference section */
		24A47151204F041D00CA2173 /* ArraysTest.app */ = {isa = PBXFileReference; explicitFileType = wrapper.application; includeInIndex = 0; path = ArraysTest.app; sourceTree = BUILT_PRODUCTS_DIR; };
		24A47154204F041D00CA2173 /* AppDelegate.h */ = {isa = PBXFileReference; lastKnownFileType = sourcecode.c.h; path = AppDelegate.h; sourceTree = "<group>"; };
		24A47155204F041D00CA2173 /* AppDelegate.m */ = {isa = PBXFileReference; lastKnownFileType = sourcecode.c.objc; path = AppDelegate.m; sourceTree = "<group>"; };
		24A47157204F041D00CA2173 /* ViewController.h */ = {isa = PBXFileReference; lastKnownFileType = sourcecode.c.h; path = ViewController.h; sourceTree = "<group>"; };
		24A47158204F041D00CA2173 /* ViewController.m */ = {isa = PBXFileReference; lastKnownFileType = sourcecode.c.objc; path = ViewController.m; sourceTree = "<group>"; };
		24A4715B204F041D00CA2173 /* Base */ = {isa = PBXFileReference; lastKnownFileType = file.storyboard; name = Base; path = Base.lproj/Main.storyboard; sourceTree = "<group>"; };
		24A4715D204F041D00CA2173 /* Assets.xcassets */ = {isa = PBXFileReference; lastKnownFileType = folder.assetcatalog; path = Assets.xcassets; sourceTree = "<group>"; };
		24A47160204F041D00CA2173 /* Base */ = {isa = PBXFileReference; lastKnownFileType = file.storyboard; name = Base; path = Base.lproj/LaunchScreen.storyboard; sourceTree = "<group>"; };
		24A47162204F041D00CA2173 /* Info.plist */ = {isa = PBXFileReference; lastKnownFileType = text.plist.xml; path = Info.plist; sourceTree = "<group>"; };
		24A47163204F041D00CA2173 /* main.m */ = {isa = PBXFileReference; lastKnownFileType = sourcecode.c.objc; path = main.m; sourceTree = "<group>"; };
		24A4716A204F100E00CA2173 /* MDObject.h */ = {isa = PBXFileReference; lastKnownFileType = sourcecode.c.h; path = MDObject.h; sourceTree = "<group>"; };
		24A4716B204F100E00CA2173 /* MDObject.m */ = {isa = PBXFileReference; lastKnownFileType = sourcecode.c.objc; path = MDObject.m; sourceTree = "<group>"; };
		24A4716D204F156400CA2173 /* MDChild.h */ = {isa = PBXFileReference; lastKnownFileType = sourcecode.c.h; path = MDChild.h; sourceTree = "<group>"; };
		24A4716E204F156400CA2173 /* MDChild.m */ = {isa = PBXFileReference; lastKnownFileType = sourcecode.c.objc; path = MDChild.m; sourceTree = "<group>"; };
/* End PBXFileReference section */

/* Begin PBXFrameworksBuildPhase section */
		24A4714E204F041D00CA2173 /* Frameworks */ = {
			isa = PBXFrameworksBuildPhase;
			buildActionMask = 2147483647;
			files = (
			);
			runOnlyForDeploymentPostprocessing = 0;
		};
/* End PBXFrameworksBuildPhase section */

/* Begin PBXGroup section */
		24A47148204F041D00CA2173 = {
			isa = PBXGroup;
			children = (
				24A47153204F041D00CA2173 /* ArraysTest */,
				24A47152204F041D00CA2173 /* Products */,
			);
			sourceTree = "<group>";
		};
		24A47152204F041D00CA2173 /* Products */ = {
			isa = PBXGroup;
			children = (
				24A47151204F041D00CA2173 /* ArraysTest.app */,
			);
			name = Products;
			sourceTree = "<group>";
		};
		24A47153204F041D00CA2173 /* ArraysTest */ = {
			isa = PBXGroup;
			children = (
				24A4716A204F100E00CA2173 /* MDObject.h */,
				24A4716B204F100E00CA2173 /* MDObject.m */,
				24A4716D204F156400CA2173 /* MDChild.h */,
				24A4716E204F156400CA2173 /* MDChild.m */,
				24A47154204F041D00CA2173 /* AppDelegate.h */,
				24A47155204F041D00CA2173 /* AppDelegate.m */,
				24A47157204F041D00CA2173 /* ViewController.h */,
				24A47158204F041D00CA2173 /* ViewController.m */,
				24A4715A204F041D00CA2173 /* Main.storyboard */,
				24A4715D204F041D00CA2173 /* Assets.xcassets */,
				24A4715F204F041D00CA2173 /* LaunchScreen.storyboard */,
				24A47162204F041D00CA2173 /* Info.plist */,
				24A47163204F041D00CA2173 /* main.m */,
			);
			path = ArraysTest;
			sourceTree = "<group>";
		};
/* End PBXGroup section */

/* Begin PBXNativeTarget section */
		24A47150204F041D00CA2173 /* ArraysTest */ = {
			isa = PBXNativeTarget;
			buildConfigurationList = 24A47167204F041D00CA2173 /* Build configuration list for PBXNativeTarget "ArraysTest" */;
			buildPhases = (
				24A4714D204F041D00CA2173 /* Sources */,
				24A4714E204F041D00CA2173 /* Frameworks */,
				24A4714F204F041D00CA2173 /* Resources */,
			);
			buildRules = (
			);
			dependencies = (
			);
			name = ArraysTest;
			productName = ArraysTest;
			productReference = 24A47151204F041D00CA2173 /* ArraysTest.app */;
			productType = "com.apple.product-type.application";
		};
/* End PBXNativeTarget section */

/* Begin PBXProject section */
		24A47149204F041D00CA2173 /* Project object */ = {
			isa = PBXProject;
			attributes = {
				LastUpgradeCheck = 0920;
				ORGANIZATIONNAME = "Maryna Delidova";
				TargetAttributes = {
					24A47150204F041D00CA2173 = {
						CreatedOnToolsVersion = 9.2;
						ProvisioningStyle = Automatic;
					};
				};
			};
			buildConfigurationList = 24A4714C204F041D00CA2173 /* Build configuration list for PBXProject "ArraysTest" */;
			compatibilityVersion = "Xcode 8.0";
			developmentRegion = en;
			hasScannedForEncodings = 0;
			knownRegions = (
				en,
				Base,
			);
			mainGroup = 24A47148204F041D00CA2173;
			productRefGroup = 24A47152204F041D00CA2173 /* Products */;
			projectDirPath = "";
			projectRoot = "";
			targets = (
				24A47150204F041D00CA2173 /* ArraysTest */,
			);
		};
/* End PBXProject section */

/* Begin PBXResourcesBuildPhase section */
		24A4714F204F041D00CA2173 /* Resources */ = {
			isa = PBXResourcesBuildPhase;
			buildActionMask = 2147483647;
			files = (
				24A47161204F041D00CA2173 /* LaunchScreen.storyboard in Resources */,
				24A4715E204F041D00CA2173 /* Assets.xcassets in Resources */,
				24A4715C204F041D00CA2173 /* Main.storyboard in Resources */,
			);
			runOnlyForDeploymentPostprocessing = 0;
		};
/* End PBXResourcesBuildPhase section */

/* Begin PBXSourcesBuildPhase section */
		24A4714D204F041D00CA2173 /* Sources */ = {
			isa = PBXSourcesBuildPhase;
			buildActionMask = 2147483647;
			files = (
				24A4716F204F156400CA2173 /* MDChild.m in Sources */,
				24A47159204F041D00CA2173 /* ViewController.m in Sources */,
				24A4716C204F100E00CA2173 /* MDObject.m in Sources */,
				24A47164204F041D00CA2173 /* main.m in Sources */,
				24A47156204F041D00CA2173 /* AppDelegate.m in Sources */,
			);
			runOnlyForDeploymentPostprocessing = 0;
		};
/* End PBXSourcesBuildPhase section */

/* Begin PBXVariantGroup section */
		24A4715A204F041D00CA2173 /* Main.storyboard */ = {
			isa = PBXVariantGroup;
			children = (
				24A4715B204F041D00CA2173 /* Base */,
			);
			name = Main.storyboard;
			sourceTree = "<group>";
		};
		24A4715F204F041D00CA2173 /* LaunchScreen.storyboard */ = {
			isa = PBXVariantGroup;
			children = (
				24A47160204F041D00CA2173 /* Base */,
			);
			name = LaunchScreen.storyboard;
			sourceTree = "<group>";
		};
/* End PBXVariantGroup section */

/* Begin XCBuildConfiguration section */
		24A47165204F041D00CA2173 /* Debug */ = {
			isa = XCBuildConfiguration;
			buildSettings = {
				ALWAYS_SEARCH_USER_PATHS = NO;
				CLANG_ANALYZER_NONNULL = YES;
				CLANG_ANALYZER_NUMBER_OBJECT_CONVERSION = YES_AGGRESSIVE;
				CLANG_CXX_LANGUAGE_STANDARD = "gnu++14";
				CLANG_CXX_LIBRARY = "libc++";
				CLANG_ENABLE_MODULES = YES;
				CLANG_ENABLE_OBJC_ARC = YES;
				CLANG_WARN_BLOCK_CAPTURE_AUTORELEASING = YES;
				CLANG_WARN_BOOL_CONVERSION = YES;
				CLANG_WARN_COMMA = YES;
				CLANG_WARN_CONSTANT_CONVERSION = YES;
				CLANG_WARN_DIRECT_OBJC_ISA_USAGE = YES_ERROR;
				CLANG_WARN_DOCUMENTATION_COMMENTS = YES;
				CLANG_WARN_EMPTY_BODY = YES;
				CLANG_WARN_ENUM_CONVERSION = YES;
				CLANG_WARN_INFINITE_RECURSION = YES;
				CLANG_WARN_INT_CONVERSION = YES;
				CLANG_WARN_NON_LITERAL_NULL_CONVERSION = YES;
				CLANG_WARN_OBJC_LITERAL_CONVERSION = YES;
				CLANG_WARN_OBJC_ROOT_CLASS = YES_ERROR;
				CLANG_WARN_RANGE_LOOP_ANALYSIS = YES;
				CLANG_WARN_STRICT_PROTOTYPES = YES;
				CLANG_WARN_SUSPICIOUS_MOVE = YES;
				CLANG_WARN_UNGUARDED_AVAILABILITY = YES_AGGRESSIVE;
				CLANG_WARN_UNREACHABLE_CODE = YES;
				CLANG_WARN__DUPLICATE_METHOD_MATCH = YES;
				CODE_SIGN_IDENTITY = "iPhone Developer";
				COPY_PHASE_STRIP = NO;
				DEBUG_INFORMATION_FORMAT = dwarf;
				ENABLE_STRICT_OBJC_MSGSEND = YES;
				ENABLE_TESTABILITY = YES;
				GCC_C_LANGUAGE_STANDARD = gnu11;
				GCC_DYNAMIC_NO_PIC = NO;
				GCC_NO_COMMON_BLOCKS = YES;
				GCC_OPTIMIZATION_LEVEL = 0;
				GCC_PREPROCESSOR_DEFINITIONS = (
					"DEBUG=1",
					"$(inherited)",
				);
				GCC_WARN_64_TO_32_BIT_CONVERSION = YES;
				GCC_WARN_ABOUT_RETURN_TYPE = YES_ERROR;
				GCC_WARN_UNDECLARED_SELECTOR = YES;
				GCC_WARN_UNINITIALIZED_AUTOS = YES_AGGRESSIVE;
				GCC_WARN_UNUSED_FUNCTION = YES;
				GCC_WARN_UNUSED_VARIABLE = YES;
				IPHONEOS_DEPLOYMENT_TARGET = 11.2;
				MTL_ENABLE_DEBUG_INFO = YES;
				ONLY_ACTIVE_ARCH = YES;
				SDKROOT = iphoneos;
			};
			name = Debug;
		};
		24A47166204F041D00CA2173 /* Release */ = {
			isa = XCBuildConfiguration;
			buildSettings = {
				ALWAYS_SEARCH_USER_PATHS = NO;
				CLANG_ANALYZER_NONNULL = YES;
				CLANG_ANALYZER_NUMBER_OBJECT_CONVERSION = YES_AGGRESSIVE;
				CLANG_CXX_LANGUAGE_STANDARD = "gnu++14";
				CLANG_CXX_LIBRARY = "libc++";
				CLANG_ENABLE_MODULES = YES;
				CLANG_ENABLE_OBJC_ARC = YES;
				CLANG_WARN_BLOCK_CAPTURE_AUTORELEASING = YES;
				CLANG_WARN_BOOL_CONVERSION = YES;
				CLANG_WARN_COMMA = YES;
				CLANG_WARN_CONSTANT_CONVERSION = YES;
				CLANG_WARN_DIRECT_OBJC_ISA_USAGE = YES_ERROR;
				CLANG_WARN_DOCUMENTATION_COMMENTS = YES;
				CLANG_WARN_EMPTY_BODY = YES;
				CLANG_WARN_ENUM_CONVERSION = YES;
				CLANG_WARN_INFINITE_RECURSION = YES;
				CLANG_WARN_INT_CONVERSION = YES;
				CLANG_WARN_NON_LITERAL_NULL_CONVERSION = YES;
				CLANG_WARN_OBJC_LITERAL_CONVERSION = YES;
				CLANG_WARN_OBJC_ROOT_CLASS = YES_ERROR;
				CLANG_WARN_RANGE_LOOP_ANALYSIS = YES;
				CLANG_WARN_STRICT_PROTOTYPES = YES;
				CLANG_WARN_SUSPICIOUS_MOVE = YES;
				CLANG_WARN_UNGUARDED_AVAILABILITY = YES_AGGRESSIVE;
				CLANG_WARN_UNREACHABLE_CODE = YES;
				CLANG_WARN__DUPLICATE_METHOD_MATCH = YES;
				CODE_SIGN_IDENTITY = "iPhone Developer";
				COPY_PHASE_STRIP = NO;
				DEBUG_INFORMATION_FORMAT = "dwarf-with-dsym";
				ENABLE_NS_ASSERTIONS = NO;
				ENABLE_STRICT_OBJC_MSGSEND = YES;
				GCC_C_LANGUAGE_STANDARD = gnu11;
				GCC_NO_COMMON_BLOCKS = YES;
				GCC_WARN_64_TO_32_BIT_CONVERSION = YES;
				GCC_WARN_ABOUT_RETURN_TYPE = YES_ERROR;
				GCC_WARN_UNDECLARED_SELECTOR = YES;
				GCC_WARN_UNINITIALIZED_AUTOS = YES_AGGRESSIVE;
				GCC_WARN_UNUSED_FUNCTION = YES;
				GCC_WARN_UNUSED_VARIABLE = YES;
				IPHONEOS_DEPLOYMENT_TARGET = 11.2;
				MTL_ENABLE_DEBUG_INFO = NO;
				SDKROOT = iphoneos;
				VALIDATE_PRODUCT = YES;
			};
			name = Release;
		};
		24A47168204F041D00CA2173 /* Debug */ = {
			isa = XCBuildConfiguration;
			buildSettings = {
				ASSETCATALOG_COMPILER_APPICON_NAME = AppIcon;
				CODE_SIGN_STYLE = Automatic;
				DEVELOPMENT_TEAM = 5KRZF89Q47;
				INFOPLIST_FILE = ArraysTest/Info.plist;
				LD_RUNPATH_SEARCH_PATHS = "$(inherited) @executable_path/Frameworks";
				PRODUCT_BUNDLE_IDENTIFIER = com.delidova.ArraysTest;
				PRODUCT_NAME = "$(TARGET_NAME)";
				TARGETED_DEVICE_FAMILY = "1,2";
			};
			name = Debug;
		};
		24A47169204F041D00CA2173 /* Release */ = {
			isa = XCBuildConfiguration;
			buildSettings = {
				ASSETCATALOG_COMPILER_APPICON_NAME = AppIcon;
				CODE_SIGN_STYLE = Automatic;
				DEVELOPMENT_TEAM = 5KRZF89Q47;
				INFOPLIST_FILE = ArraysTest/Info.plist;
				LD_RUNPATH_SEARCH_PATHS = "$(inherited) @executable_path/Frameworks";
				PRODUCT_BUNDLE_IDENTIFIER = com.delidova.ArraysTest;
				PRODUCT_NAME = "$(TARGET_NAME)";
				TARGETED_DEVICE_FAMILY = "1,2";
			};
			name = Release;
		};
/* End XCBuildConfiguration section */

/* Begin XCConfigurationList section */
		24A4714C204F041D00CA2173 /* Build configuration list for PBXProject "ArraysTest" */ = {
			isa = XCConfigurationList;
			buildConfigurations = (
				24A47165204F041D00CA2173 /* Debug */,
				24A47166204F041D00CA2173 /* Release */,
			);
			defaultConfigurationIsVisible = 0;
			defaultConfigurationName = Release;
		};
		24A47167204F041D00CA2173 /* Build configuration list for PBXNativeTarget "ArraysTest" */ = {
			isa = XCConfigurationList;
			buildConfigurations = (
				24A47168204F041D00CA2173 /* Debug */,
				24A47169204F041D00CA2173 /* Release */,
			);
			defaultConfigurationIsVisible = 0;
			defaultConfigurationName = Release;
		};
/* End XCConfigurationList section */
	};
	rootObject = 24A47149204F041D00CA2173 /* Project object */;
}
